
Microsoft Visual Studio Solution File, Format Version 12.00
# Visual Studio Version 17
VisualStudioVersion = 17.0.32112.339
MinimumVisualStudioVersion = 10.0.40219.1
Project("{9A19103F-16F7-4668-BE54-9A1E7A4F7556}") = "ApiJwtBlogDotnetCore6", "ApiJwtBlogDotnetCore6\ApiJwtBlogDotnetCore6.csproj", "{1CD05ABE-2DD9-4BA1-B30C-5D5A5B451208}"
EndProject
Project("{9A19103F-16F7-4668-BE54-9A1E7A4F7556}") = "ApiCore.Tests", "ApiCore.Tests\ApiCore.Tests.csproj", "{40967268-43BE-40EB-98DF-C2284C550789}"
EndProject
Project("{2150E333-8FDC-42A3-9474-1A3956D46DE8}") = "0 - WebApi", "0 - WebApi", "{32034BE7-68AA-4D66-8AA1-1CB708059E91}"
EndProject
Project("{2150E333-8FDC-42A3-9474-1A3956D46DE8}") = "1 - Application", "1 - Application", "{87C1B82A-5AE1-45AF-8169-44F0C66E07AA}"
EndProject
Project("{2150E333-8FDC-42A3-9474-1A3956D46DE8}") = "2 - Infra", "2 - Infra", "{FBED405A-C225-4FB4-82C6-E57F337B4F75}"
EndProject
Project("{2150E333-8FDC-42A3-9474-1A3956D46DE8}") = "3 - Domain", "3 - Domain", "{901F4E23-50EE-42DD-A719-BA8DCE209154}"
EndProject
Project("{2150E333-8FDC-42A3-9474-1A3956D46DE8}") = "4 - Tests", "4 - Tests", "{D7FF73B4-498F-4D28-870D-FB0D1D652871}"
EndProject
Project("{9A19103F-16F7-4668-BE54-9A1E7A4F7556}") = "Blog.Domain", "Blog.Domain\Blog.Domain.csproj", "{F2326967-8670-4999-90E9-A9FB4908BD3D}"
EndProject
Project("{9A19103F-16F7-4668-BE54-9A1E7A4F7556}") = "Blog.Infra", "Blog.Infra\Blog.Infra.csproj", "{1AA39C50-2DAE-4B03-A993-015835265B8F}"
EndProject
Project("{9A19103F-16F7-4668-BE54-9A1E7A4F7556}") = "Blog.Application", "Blog.Application\Blog.Application.csproj", "{75E6044D-E7BE-4D8B-95DF-9585ACE59EE0}"
EndProject
Global
	GlobalSection(SolutionConfigurationPlatforms) = preSolution
		Debug|Any CPU = Debug|Any CPU
		Release|Any CPU = Release|Any CPU
	EndGlobalSection
	GlobalSection(ProjectConfigurationPlatforms) = postSolution
		{1CD05ABE-2DD9-4BA1-B30C-5D5A5B451208}.Debug|Any CPU.ActiveCfg = Debug|Any CPU
		{1CD05ABE-2DD9-4BA1-B30C-5D5A5B451208}.Debug|Any CPU.Build.0 = Debug|Any CPU
		{1CD05ABE-2DD9-4BA1-B30C-5D5A5B451208}.Release|Any CPU.ActiveCfg = Release|Any CPU
		{1CD05ABE-2DD9-4BA1-B30C-5D5A5B451208}.Release|Any CPU.Build.0 = Release|Any CPU
		{40967268-43BE-40EB-98DF-C2284C550789}.Debug|Any CPU.ActiveCfg = Debug|Any CPU
		{40967268-43BE-40EB-98DF-C2284C550789}.Debug|Any CPU.Build.0 = Debug|Any CPU
		{40967268-43BE-40EB-98DF-C2284C550789}.Release|Any CPU.ActiveCfg = Release|Any CPU
		{40967268-43BE-40EB-98DF-C2284C550789}.Release|Any CPU.Build.0 = Release|Any CPU
		{F2326967-8670-4999-90E9-A9FB4908BD3D}.Debug|Any CPU.ActiveCfg = Debug|Any CPU
		{F2326967-8670-4999-90E9-A9FB4908BD3D}.Debug|Any CPU.Build.0 = Debug|Any CPU
		{F2326967-8670-4999-90E9-A9FB4908BD3D}.Release|Any CPU.ActiveCfg = Release|Any CPU
		{F2326967-8670-4999-90E9-A9FB4908BD3D}.Release|Any CPU.Build.0 = Release|Any CPU
		{1AA39C50-2DAE-4B03-A993-015835265B8F}.Debug|Any CPU.ActiveCfg = Debug|Any CPU
		{1AA39C50-2DAE-4B03-A993-015835265B8F}.Debug|Any CPU.Build.0 = Debug|Any CPU
		{1AA39C50-2DAE-4B03-A993-015835265B8F}.Release|Any CPU.ActiveCfg = Release|Any CPU
		{1AA39C50-2DAE-4B03-A993-015835265B8F}.Release|Any CPU.Build.0 = Release|Any CPU
		{75E6044D-E7BE-4D8B-95DF-9585ACE59EE0}.Debug|Any CPU.ActiveCfg = Debug|Any CPU
		{75E6044D-E7BE-4D8B-95DF-9585ACE59EE0}.Debug|Any CPU.Build.0 = Debug|Any CPU
		{75E6044D-E7BE-4D8B-95DF-9585ACE59EE0}.Release|Any CPU.ActiveCfg = Release|Any CPU
		{75E6044D-E7BE-4D8B-95DF-9585ACE59EE0}.Release|Any CPU.Build.0 = Release|Any CPU
	EndGlobalSection
	GlobalSection(SolutionProperties) = preSolution
		HideSolutionNode = FALSE
	EndGlobalSection
	GlobalSection(NestedProjects) = preSolution
		{1CD05ABE-2DD9-4BA1-B30C-5D5A5B451208} = {32034BE7-68AA-4D66-8AA1-1CB708059E91}
		{40967268-43BE-40EB-98DF-C2284C550789} = {D7FF73B4-498F-4D28-870D-FB0D1D652871}
		{F2326967-8670-4999-90E9-A9FB4908BD3D} = {901F4E23-50EE-42DD-A719-BA8DCE209154}
		{1AA39C50-2DAE-4B03-A993-015835265B8F} = {FBED405A-C225-4FB4-82C6-E57F337B4F75}
		{75E6044D-E7BE-4D8B-95DF-9585ACE59EE0} = {87C1B82A-5AE1-45AF-8169-44F0C66E07AA}
	EndGlobalSection
	GlobalSection(ExtensibilityGlobals) = postSolution
		SolutionGuid = {BF25E539-4BE4-451B-8E28-149F390FEADA}
	EndGlobalSection
EndGlobal
